// !$*UTF8*$!
{
	archiveVersion = 1;
	classes = {
	};
	objectVersion = 51;
	objects = {

/* Begin PBXBuildFile section */
		3201438126382693003E75B5 /* ViewController.swift in Sources */ = {isa = PBXBuildFile; fileRef = 3201438026382693003E75B5 /* ViewController.swift */; };
		322AE1E92628AEE4000D4579 /* AppDelegate.swift in Sources */ = {isa = PBXBuildFile; fileRef = 322AE1E82628AEE4000D4579 /* AppDelegate.swift */; };
		322AE1EB2628AEE4000D4579 /* SceneDelegate.swift in Sources */ = {isa = PBXBuildFile; fileRef = 322AE1EA2628AEE4000D4579 /* SceneDelegate.swift */; };
		322AE1F02628AEE4000D4579 /* Main.storyboard in Resources */ = {isa = PBXBuildFile; fileRef = 322AE1EE2628AEE4000D4579 /* Main.storyboard */; };
		322AE1F22628AEEB000D4579 /* Assets.xcassets in Resources */ = {isa = PBXBuildFile; fileRef = 322AE1F12628AEEB000D4579 /* Assets.xcassets */; };
		322AE1F52628AEEB000D4579 /* LaunchScreen.storyboard in Resources */ = {isa = PBXBuildFile; fileRef = 322AE1F32628AEEB000D4579 /* LaunchScreen.storyboard */; };
		322AE2092628B0A0000D4579 /* TableViewController.swift in Sources */ = {isa = PBXBuildFile; fileRef = 322AE2082628B0A0000D4579 /* TableViewController.swift */; };
		322AE2102628B21F000D4579 /* RickAndMorty.swift in Sources */ = {isa = PBXBuildFile; fileRef = 322AE20F2628B21F000D4579 /* RickAndMorty.swift */; };
		322AE2132628B76E000D4579 /* TableViewCell.swift in Sources */ = {isa = PBXBuildFile; fileRef = 322AE2122628B76E000D4579 /* TableViewCell.swift */; };
		B2F9AB6362972F66F132A557 /* Pods_HW2_10.framework in Frameworks */ = {isa = PBXBuildFile; fileRef = 2EDB046EC3B8A5D2036F22BA /* Pods_HW2_10.framework */; };
/* End PBXBuildFile section */

/* Begin PBXFileReference section */
		154927D616B7240C863904C9 /* Pods-HW2.10.debug.xcconfig */ = {isa = PBXFileReference; includeInIndex = 1; lastKnownFileType = text.xcconfig; name = "Pods-HW2.10.debug.xcconfig"; path = "Target Support Files/Pods-HW2.10/Pods-HW2.10.debug.xcconfig"; sourceTree = "<group>"; };
		2EDB046EC3B8A5D2036F22BA /* Pods_HW2_10.framework */ = {isa = PBXFileReference; explicitFileType = wrapper.framework; includeInIndex = 0; path = Pods_HW2_10.framework; sourceTree = BUILT_PRODUCTS_DIR; };
		3201438026382693003E75B5 /* ViewController.swift */ = {isa = PBXFileReference; lastKnownFileType = sourcecode.swift; path = ViewController.swift; sourceTree = "<group>"; };
		322AE1E52628AEE4000D4579 /* HW2.10.app */ = {isa = PBXFileReference; explicitFileType = wrapper.application; includeInIndex = 0; path = HW2.10.app; sourceTree = BUILT_PRODUCTS_DIR; };
		322AE1E82628AEE4000D4579 /* AppDelegate.swift */ = {isa = PBXFileReference; lastKnownFileType = sourcecode.swift; path = AppDelegate.swift; sourceTree = "<group>"; };
		322AE1EA2628AEE4000D4579 /* SceneDelegate.swift */ = {isa = PBXFileReference; lastKnownFileType = sourcecode.swift; path = SceneDelegate.swift; sourceTree = "<group>"; };
		322AE1EF2628AEE4000D4579 /* Base */ = {isa = PBXFileReference; lastKnownFileType = file.storyboard; name = Base; path = Base.lproj/Main.storyboard; sourceTree = "<group>"; };
		322AE1F12628AEEB000D4579 /* Assets.xcassets */ = {isa = PBXFileReference; lastKnownFileType = folder.assetcatalog; path = Assets.xcassets; sourceTree = "<group>"; };
		322AE1F42628AEEB000D4579 /* Base */ = {isa = PBXFileReference; lastKnownFileType = file.storyboard; name = Base; path = Base.lproj/LaunchScreen.storyboard; sourceTree = "<group>"; };
		322AE1F62628AEEB000D4579 /* Info.plist */ = {isa = PBXFileReference; lastKnownFileType = text.plist.xml; path = Info.plist; sourceTree = "<group>"; };
		322AE2082628B0A0000D4579 /* TableViewController.swift */ = {isa = PBXFileReference; lastKnownFileType = sourcecode.swift; path = TableViewController.swift; sourceTree = "<group>"; };
		322AE20F2628B21F000D4579 /* RickAndMorty.swift */ = {isa = PBXFileReference; lastKnownFileType = sourcecode.swift; path = RickAndMorty.swift; sourceTree = "<group>"; };
		322AE2122628B76E000D4579 /* TableViewCell.swift */ = {isa = PBXFileReference; lastKnownFileType = sourcecode.swift; path = TableViewCell.swift; sourceTree = "<group>"; };
		8F937AA995EBF9DAB70E410A /* Pods-HW2.10.release.xcconfig */ = {isa = PBXFileReference; includeInIndex = 1; lastKnownFileType = text.xcconfig; name = "Pods-HW2.10.release.xcconfig"; path = "Target Support Files/Pods-HW2.10/Pods-HW2.10.release.xcconfig"; sourceTree = "<group>"; };
/* End PBXFileReference section */

/* Begin PBXFrameworksBuildPhase section */
		322AE1E22628AEE4000D4579 /* Frameworks */ = {
			isa = PBXFrameworksBuildPhase;
			buildActionMask = 2147483647;
			files = (
				B2F9AB6362972F66F132A557 /* Pods_HW2_10.framework in Frameworks */,
			);
			runOnlyForDeploymentPostprocessing = 0;
		};
/* End PBXFrameworksBuildPhase section */

/* Begin PBXGroup section */
		322AE1DC2628AEE4000D4579 = {
			isa = PBXGroup;
			children = (
				322AE1E72628AEE4000D4579 /* HW2.10 */,
				322AE1E62628AEE4000D4579 /* Products */,
				3F46D8EDEBAA65FB889FA653 /* Pods */,
				DD5E6D2FCE2907600339DAEE /* Frameworks */,
			);
			sourceTree = "<group>";
		};
		322AE1E62628AEE4000D4579 /* Products */ = {
			isa = PBXGroup;
			children = (
				322AE1E52628AEE4000D4579 /* HW2.10.app */,
			);
			name = Products;
			sourceTree = "<group>";
		};
		322AE1E72628AEE4000D4579 /* HW2.10 */ = {
			isa = PBXGroup;
			children = (
				322AE1FD2628AF06000D4579 /* Storyboards */,
				322AE1FE2628AF37000D4579 /* ViewControllers */,
				322AE2012628AF92000D4579 /* Models */,
				322AE2002628AF4E000D4579 /* SupportingFiles */,
				322AE1FF2628AF4B000D4579 /* Sources */,
			);
			path = HW2.10;
			sourceTree = "<group>";
		};
		322AE1FD2628AF06000D4579 /* Storyboards */ = {
			isa = PBXGroup;
			children = (
				322AE1EE2628AEE4000D4579 /* Main.storyboard */,
				322AE1F32628AEEB000D4579 /* LaunchScreen.storyboard */,
			);
			path = Storyboards;
			sourceTree = "<group>";
		};
		322AE1FE2628AF37000D4579 /* ViewControllers */ = {
			isa = PBXGroup;
			children = (
				322AE2082628B0A0000D4579 /* TableViewController.swift */,
				322AE2122628B76E000D4579 /* TableViewCell.swift */,
				3201438026382693003E75B5 /* ViewController.swift */,
			);
			path = ViewControllers;
			sourceTree = "<group>";
		};
		322AE1FF2628AF4B000D4579 /* Sources */ = {
			isa = PBXGroup;
			children = (
				322AE1F12628AEEB000D4579 /* Assets.xcassets */,
			);
			path = Sources;
			sourceTree = "<group>";
		};
		322AE2002628AF4E000D4579 /* SupportingFiles */ = {
			isa = PBXGroup;
			children = (
				322AE1E82628AEE4000D4579 /* AppDelegate.swift */,
				322AE1EA2628AEE4000D4579 /* SceneDelegate.swift */,
				322AE1F62628AEEB000D4579 /* Info.plist */,
			);
			path = SupportingFiles;
			sourceTree = "<group>";
		};
		322AE2012628AF92000D4579 /* Models */ = {
			isa = PBXGroup;
			children = (
				322AE20F2628B21F000D4579 /* RickAndMorty.swift */,
			);
			path = Models;
			sourceTree = "<group>";
		};
		3F46D8EDEBAA65FB889FA653 /* Pods */ = {
			isa = PBXGroup;
			children = (
				154927D616B7240C863904C9 /* Pods-HW2.10.debug.xcconfig */,
				8F937AA995EBF9DAB70E410A /* Pods-HW2.10.release.xcconfig */,
			);
			path = Pods;
			sourceTree = "<group>";
		};
		DD5E6D2FCE2907600339DAEE /* Frameworks */ = {
			isa = PBXGroup;
			children = (
				2EDB046EC3B8A5D2036F22BA /* Pods_HW2_10.framework */,
			);
			name = Frameworks;
			sourceTree = "<group>";
		};
/* End PBXGroup section */

/* Begin PBXNativeTarget section */
		322AE1E42628AEE4000D4579 /* HW2.10 */ = {
			isa = PBXNativeTarget;
			buildConfigurationList = 322AE1F92628AEEB000D4579 /* Build configuration list for PBXNativeTarget "HW2.10" */;
			buildPhases = (
				EC78F2D9A454B6A8464112FC /* [CP] Check Pods Manifest.lock */,
				322AE1E12628AEE4000D4579 /* Sources */,
				322AE1E22628AEE4000D4579 /* Frameworks */,
				322AE1E32628AEE4000D4579 /* Resources */,
				CB44B41E0056A2CC04D0FD99 /* [CP] Embed Pods Frameworks */,
			);
			buildRules = (
			);
			dependencies = (
			);
			name = HW2.10;
			productName = HW2.10;
			productReference = 322AE1E52628AEE4000D4579 /* HW2.10.app */;
			productType = "com.apple.product-type.application";
		};
/* End PBXNativeTarget section */

/* Begin PBXProject section */
		322AE1DD2628AEE4000D4579 /* Project object */ = {
			isa = PBXProject;
			attributes = {
				LastSwiftUpdateCheck = 1240;
				LastUpgradeCheck = 1240;
				TargetAttributes = {
					322AE1E42628AEE4000D4579 = {
						CreatedOnToolsVersion = 12.4;
					};
				};
			};
			buildConfigurationList = 322AE1E02628AEE4000D4579 /* Build configuration list for PBXProject "HW2.10" */;
			compatibilityVersion = "Xcode 9.3";
			developmentRegion = en;
			hasScannedForEncodings = 0;
			knownRegions = (
				en,
				Base,
			);
			mainGroup = 322AE1DC2628AEE4000D4579;
			productRefGroup = 322AE1E62628AEE4000D4579 /* Products */;
			projectDirPath = "";
			projectRoot = "";
			targets = (
				322AE1E42628AEE4000D4579 /* HW2.10 */,
			);
		};
/* End PBXProject section */

/* Begin PBXResourcesBuildPhase section */
		322AE1E32628AEE4000D4579 /* Resources */ = {
			isa = PBXResourcesBuildPhase;
			buildActionMask = 2147483647;
			files = (
				322AE1F52628AEEB000D4579 /* LaunchScreen.storyboard in Resources */,
				322AE1F22628AEEB000D4579 /* Assets.xcassets in Resources */,
				322AE1F02628AEE4000D4579 /* Main.storyboard in Resources */,
			);
			runOnlyForDeploymentPostprocessing = 0;
		};
/* End PBXResourcesBuildPhase section */

/* Begin PBXShellScriptBuildPhase section */
		CB44B41E0056A2CC04D0FD99 /* [CP] Embed Pods Frameworks */ = {
			isa = PBXShellScriptBuildPhase;
			buildActionMask = 2147483647;
			files = (
			);
			inputFileListPaths = (
				"${PODS_ROOT}/Target Support Files/Pods-HW2.10/Pods-HW2.10-frameworks-${CONFIGURATION}-input-files.xcfilelist",
			);
			name = "[CP] Embed Pods Frameworks";
			outputFileListPaths = (
				"${PODS_ROOT}/Target Support Files/Pods-HW2.10/Pods-HW2.10-frameworks-${CONFIGURATION}-output-files.xcfilelist",
			);
			runOnlyForDeploymentPostprocessing = 0;
			shellPath = /bin/sh;
			shellScript = "\"${PODS_ROOT}/Target Support Files/Pods-HW2.10/Pods-HW2.10-frameworks.sh\"\n";
			showEnvVarsInLog = 0;
		};
		EC78F2D9A454B6A8464112FC /* [CP] Check Pods Manifest.lock */ = {
			isa = PBXShellScriptBuildPhase;
			buildActionMask = 2147483647;
			files = (
			);
			inputFileListPaths = (
			);
			inputPaths = (
				"${PODS_PODFILE_DIR_PATH}/Podfile.lock",
				"${PODS_ROOT}/Manifest.lock",
			);
			name = "[CP] Check Pods Manifest.lock";
			outputFileListPaths = (
			);
			outputPaths = (
				"$(DERIVED_FILE_DIR)/Pods-HW2.10-checkManifestLockResult.txt",
			);
			runOnlyForDeploymentPostprocessing = 0;
			shellPath = /bin/sh;
			shellScript = "diff \"${PODS_PODFILE_DIR_PATH}/Podfile.lock\" \"${PODS_ROOT}/Manifest.lock\" > /dev/null\nif [ $? != 0 ] ; then\n    # print error to STDERR\n    echo \"error: The sandbox is not in sync with the Podfile.lock. Run 'pod install' or update your CocoaPods installation.\" >&2\n    exit 1\nfi\n# This output is used by Xcode 'outputs' to avoid re-running this script phase.\necho \"SUCCESS\" > \"${SCRIPT_OUTPUT_FILE_0}\"\n";
			showEnvVarsInLog = 0;
		};
/* End PBXShellScriptBuildPhase section */

/* Begin PBXSourcesBuildPhase section */
		322AE1E12628AEE4000D4579 /* Sources */ = {
			isa = PBXSourcesBuildPhase;
			buildActionMask = 2147483647;
			files = (
				3201438126382693003E75B5 /* ViewController.swift in Sources */,
				322AE2132628B76E000D4579 /* TableViewCell.swift in Sources */,
				322AE2102628B21F000D4579 /* RickAndMorty.swift in Sources */,
				322AE1E92628AEE4000D4579 /* AppDelegate.swift in Sources */,
				322AE2092628B0A0000D4579 /* TableViewController.swift in Sources */,
				322AE1EB2628AEE4000D4579 /* SceneDelegate.swift in Sources */,
			);
			runOnlyForDeploymentPostprocessing = 0;
		};
/* End PBXSourcesBuildPhase section */

/* Begin PBXVariantGroup section */
		322AE1EE2628AEE4000D4579 /* Main.storyboard */ = {
			isa = PBXVariantGroup;
			children = (
				322AE1EF2628AEE4000D4579 /* Base */,
			);
			name = Main.storyboard;
			sourceTree = "<group>";
		};
		322AE1F32628AEEB000D4579 /* LaunchScreen.storyboard */ = {
			isa = PBXVariantGroup;
			children = (
				322AE1F42628AEEB000D4579 /* Base */,
			);
			name = LaunchScreen.storyboard;
			sourceTree = "<group>";
		};
/* End PBXVariantGroup section */

/* Begin XCBuildConfiguration section */
		322AE1F72628AEEB000D4579 /* Debug */ = {
			isa = XCBuildConfiguration;
			buildSettings = {
				ALWAYS_SEARCH_USER_PATHS = NO;
				CLANG_ANALYZER_NONNULL = YES;
				CLANG_ANALYZER_NUMBER_OBJECT_CONVERSION = YES_AGGRESSIVE;
				CLANG_CXX_LANGUAGE_STANDARD = "gnu++14";
				CLANG_CXX_LIBRARY = "libc++";
				CLANG_ENABLE_MODULES = YES;
				CLANG_ENABLE_OBJC_ARC = YES;
				CLANG_ENABLE_OBJC_WEAK = YES;
				CLANG_WARN_BLOCK_CAPTURE_AUTORELEASING = YES;
				CLANG_WARN_BOOL_CONVERSION = YES;
				CLANG_WARN_COMMA = YES;
				CLANG_WARN_CONSTANT_CONVERSION = YES;
				CLANG_WARN_DEPRECATED_OBJC_IMPLEMENTATIONS = YES;
				CLANG_WARN_DIRECT_OBJC_ISA_USAGE = YES_ERROR;
				CLANG_WARN_DOCUMENTATION_COMMENTS = YES;
				CLANG_WARN_EMPTY_BODY = YES;
				CLANG_WARN_ENUM_CONVERSION = YES;
				CLANG_WARN_INFINITE_RECURSION = YES;
				CLANG_WARN_INT_CONVERSION = YES;
				CLANG_WARN_NON_LITERAL_NULL_CONVERSION = YES;
				CLANG_WARN_OBJC_IMPLICIT_RETAIN_SELF = YES;
				CLANG_WARN_OBJC_LITERAL_CONVERSION = YES;
				CLANG_WARN_OBJC_ROOT_CLASS = YES_ERROR;
				CLANG_WARN_QUOTED_INCLUDE_IN_FRAMEWORK_HEADER = YES;
				CLANG_WARN_RANGE_LOOP_ANALYSIS = YES;
				CLANG_WARN_STRICT_PROTOTYPES = YES;
				CLANG_WARN_SUSPICIOUS_MOVE = YES;
				CLANG_WARN_UNGUARDED_AVAILABILITY = YES_AGGRESSIVE;
				CLANG_WARN_UNREACHABLE_CODE = YES;
				CLANG_WARN__DUPLICATE_METHOD_MATCH = YES;
				COPY_PHASE_STRIP = NO;
				DEBUG_INFORMATION_FORMAT = dwarf;
				ENABLE_STRICT_OBJC_MSGSEND = YES;
				ENABLE_TESTABILITY = YES;
				GCC_C_LANGUAGE_STANDARD = gnu11;
				GCC_DYNAMIC_NO_PIC = NO;
				GCC_NO_COMMON_BLOCKS = YES;
				GCC_OPTIMIZATION_LEVEL = 0;
				GCC_PREPROCESSOR_DEFINITIONS = (
					"DEBUG=1",
					"$(inherited)",
				);
				GCC_WARN_64_TO_32_BIT_CONVERSION = YES;
				GCC_WARN_ABOUT_RETURN_TYPE = YES_ERROR;
				GCC_WARN_UNDECLARED_SELECTOR = YES;
				GCC_WARN_UNINITIALIZED_AUTOS = YES_AGGRESSIVE;
				GCC_WARN_UNUSED_FUNCTION = YES;
				GCC_WARN_UNUSED_VARIABLE = YES;
				IPHONEOS_DEPLOYMENT_TARGET = 14.4;
				MTL_ENABLE_DEBUG_INFO = INCLUDE_SOURCE;
				MTL_FAST_MATH = YES;
				ONLY_ACTIVE_ARCH = YES;
				SDKROOT = iphoneos;
				SWIFT_ACTIVE_COMPILATION_CONDITIONS = DEBUG;
				SWIFT_OPTIMIZATION_LEVEL = "-Onone";
			};
			name = Debug;
		};
		322AE1F82628AEEB000D4579 /* Release */ = {
			isa = XCBuildConfiguration;
			buildSettings = {
				ALWAYS_SEARCH_USER_PATHS = NO;
				CLANG_ANALYZER_NONNULL = YES;
				CLANG_ANALYZER_NUMBER_OBJECT_CONVERSION = YES_AGGRESSIVE;
				CLANG_CXX_LANGUAGE_STANDARD = "gnu++14";
				CLANG_CXX_LIBRARY = "libc++";
				CLANG_ENABLE_MODULES = YES;
				CLANG_ENABLE_OBJC_ARC = YES;
				CLANG_ENABLE_OBJC_WEAK = YES;
				CLANG_WARN_BLOCK_CAPTURE_AUTORELEASING = YES;
				CLANG_WARN_BOOL_CONVERSION = YES;
				CLANG_WARN_COMMA = YES;
				CLANG_WARN_CONSTANT_CONVERSION = YES;
				CLANG_WARN_DEPRECATED_OBJC_IMPLEMENTATIONS = YES;
				CLANG_WARN_DIRECT_OBJC_ISA_USAGE = YES_ERROR;
				CLANG_WARN_DOCUMENTATION_COMMENTS = YES;
				CLANG_WARN_EMPTY_BODY = YES;
				CLANG_WARN_ENUM_CONVERSION = YES;
				CLANG_WARN_INFINITE_RECURSION = YES;
				CLANG_WARN_INT_CONVERSION = YES;
				CLANG_WARN_NON_LITERAL_NULL_CONVERSION = YES;
				CLANG_WARN_OBJC_IMPLICIT_RETAIN_SELF = YES;
				CLANG_WARN_OBJC_LITERAL_CONVERSION = YES;
				CLANG_WARN_OBJC_ROOT_CLASS = YES_ERROR;
				CLANG_WARN_QUOTED_INCLUDE_IN_FRAMEWORK_HEADER = YES;
				CLANG_WARN_RANGE_LOOP_ANALYSIS = YES;
				CLANG_WARN_STRICT_PROTOTYPES = YES;
				CLANG_WARN_SUSPICIOUS_MOVE = YES;
				CLANG_WARN_UNGUARDED_AVAILABILITY = YES_AGGRESSIVE;
				CLANG_WARN_UNREACHABLE_CODE = YES;
				CLANG_WARN__DUPLICATE_METHOD_MATCH = YES;
				COPY_PHASE_STRIP = NO;
				DEBUG_INFORMATION_FORMAT = "dwarf-with-dsym";
				ENABLE_NS_ASSERTIONS = NO;
				ENABLE_STRICT_OBJC_MSGSEND = YES;
				GCC_C_LANGUAGE_STANDARD = gnu11;
				GCC_NO_COMMON_BLOCKS = YES;
				GCC_WARN_64_TO_32_BIT_CONVERSION = YES;
				GCC_WARN_ABOUT_RETURN_TYPE = YES_ERROR;
				GCC_WARN_UNDECLARED_SELECTOR = YES;
				GCC_WARN_UNINITIALIZED_AUTOS = YES_AGGRESSIVE;
				GCC_WARN_UNUSED_FUNCTION = YES;
				GCC_WARN_UNUSED_VARIABLE = YES;
				IPHONEOS_DEPLOYMENT_TARGET = 14.4;
				MTL_ENABLE_DEBUG_INFO = NO;
				MTL_FAST_MATH = YES;
				SDKROOT = iphoneos;
				SWIFT_COMPILATION_MODE = wholemodule;
				SWIFT_OPTIMIZATION_LEVEL = "-O";
				VALIDATE_PRODUCT = YES;
			};
			name = Release;
		};
		322AE1FA2628AEEB000D4579 /* Debug */ = {
			isa = XCBuildConfiguration;
			baseConfigurationReference = 154927D616B7240C863904C9 /* Pods-HW2.10.debug.xcconfig */;
			buildSettings = {
				ASSETCATALOG_COMPILER_APPICON_NAME = AppIcon;
				ASSETCATALOG_COMPILER_GLOBAL_ACCENT_COLOR_NAME = AccentColor;
				CODE_SIGN_STYLE = Automatic;
				DEVELOPMENT_TEAM = Q56H3JNA98;
				INFOPLIST_FILE = HW2.10/SupportingFiles/Info.plist;
				LD_RUNPATH_SEARCH_PATHS = (
					"$(inherited)",
					"@executable_path/Frameworks",
				);
				PRODUCT_BUNDLE_IDENTIFIER = "hhj.HW2-10";
				PRODUCT_NAME = "$(TARGET_NAME)";
				SWIFT_VERSION = 5.0;
				TARGETED_DEVICE_FAMILY = "1,2";
			};
			name = Debug;
		};
		322AE1FB2628AEEB000D4579 /* Release */ = {
			isa = XCBuildConfiguration;
			baseConfigurationReference = 8F937AA995EBF9DAB70E410A /* Pods-HW2.10.release.xcconfig */;
			buildSettings = {
				ASSETCATALOG_COMPILER_APPICON_NAME = AppIcon;
				ASSETCATALOG_COMPILER_GLOBAL_ACCENT_COLOR_NAME = AccentColor;
				CODE_SIGN_STYLE = Automatic;
				DEVELOPMENT_TEAM = Q56H3JNA98;
				INFOPLIST_FILE = HW2.10/SupportingFiles/Info.plist;
				LD_RUNPATH_SEARCH_PATHS = (
					"$(inherited)",
					"@executable_path/Frameworks",
				);
				PRODUCT_BUNDLE_IDENTIFIER = "hhj.HW2-10";
				PRODUCT_NAME = "$(TARGET_NAME)";
				SWIFT_VERSION = 5.0;
				TARGETED_DEVICE_FAMILY = "1,2";
			};
			name = Release;
		};
/* End XCBuildConfiguration section */

/* Begin XCConfigurationList section */
		322AE1E02628AEE4000D4579 /* Build configuration list for PBXProject "HW2.10" */ = {
			isa = XCConfigurationList;
			buildConfigurations = (
				322AE1F72628AEEB000D4579 /* Debug */,
				322AE1F82628AEEB000D4579 /* Release */,
			);
			defaultConfigurationIsVisible = 0;
			defaultConfigurationName = Release;
		};
		322AE1F92628AEEB000D4579 /* Build configuration list for PBXNativeTarget "HW2.10" */ = {
			isa = XCConfigurationList;
			buildConfigurations = (
				322AE1FA2628AEEB000D4579 /* Debug */,
				322AE1FB2628AEEB000D4579 /* Release */,
			);
			defaultConfigurationIsVisible = 0;
			defaultConfigurationName = Release;
		};
/* End XCConfigurationList section */
	};
	rootObject = 322AE1DD2628AEE4000D4579 /* Project object */;
}
